// !$*UTF8*$!
{
	archiveVersion = 1;
	classes = {
	};
	objectVersion = 45;
	objects = {

/* Begin PBXBuildFile section */
		FA0B19F5126FB38A00550DCC /* zlsContext.h in Headers */ = {isa = PBXBuildFile; fileRef = FA0B19F3126FB38A00550DCC /* zlsContext.h */; };
		FA0B19F6126FB38A00550DCC /* zlsContext.cpp in Sources */ = {isa = PBXBuildFile; fileRef = FA0B19F4126FB38A00550DCC /* zlsContext.cpp */; };
		FA0B1B5912721D7E00550DCC /* zlsProductionRule.cpp in Sources */ = {isa = PBXBuildFile; fileRef = FA0B1B5512721D7E00550DCC /* zlsProductionRule.cpp */; };
		FA0B1B5A12721D7E00550DCC /* zlsProductionRule.h in Headers */ = {isa = PBXBuildFile; fileRef = FA0B1B5612721D7E00550DCC /* zlsProductionRule.h */; };
		FA0B1B5B12721D7E00550DCC /* zlsStateViewer.cpp in Sources */ = {isa = PBXBuildFile; fileRef = FA0B1B5712721D7E00550DCC /* zlsStateViewer.cpp */; };
		FA0B1B5C12721D7E00550DCC /* zlsStateViewer.h in Headers */ = {isa = PBXBuildFile; fileRef = FA0B1B5812721D7E00550DCC /* zlsStateViewer.h */; };
		FA0B1B7E12721EC100550DCC /* zlsTurtleViewer.cpp in Sources */ = {isa = PBXBuildFile; fileRef = FA0B1B7C12721EC100550DCC /* zlsTurtleViewer.cpp */; };
		FA0B1B7F12721EC100550DCC /* zlsTurtleViewer.h in Headers */ = {isa = PBXBuildFile; fileRef = FA0B1B7D12721EC100550DCC /* zlsTurtleViewer.h */; };
		FA0B1BA91272214100550DCC /* libMonkVG-OSX.a in Frameworks */ = {isa = PBXBuildFile; fileRef = FA0B1BA61272212900550DCC /* libMonkVG-OSX.a */; };
		FA7D959F1280D7D500D01622 /* zlsParser.cpp in Sources */ = {isa = PBXBuildFile; fileRef = FA7D959D1280D7D500D01622 /* zlsParser.cpp */; };
		FA7D95A01280D7D500D01622 /* zlsParser.h in Headers */ = {isa = PBXBuildFile; fileRef = FA7D959E1280D7D500D01622 /* zlsParser.h */; };
		FAB4F74312A615090087D2F4 /* zlsAbstractSyntaxTree.cpp in Sources */ = {isa = PBXBuildFile; fileRef = FAB4F74112A615090087D2F4 /* zlsAbstractSyntaxTree.cpp */; };
		FAB4F74412A615090087D2F4 /* zlsAbstractSyntaxTree.h in Headers */ = {isa = PBXBuildFile; fileRef = FAB4F74212A615090087D2F4 /* zlsAbstractSyntaxTree.h */; };
/* End PBXBuildFile section */

/* Begin PBXContainerItemProxy section */
		FA0B1BA51272212900550DCC /* PBXContainerItemProxy */ = {
			isa = PBXContainerItemProxy;
			containerPortal = FA0B1BA11272212900550DCC /* MonkVG-OSX.xcodeproj */;
			proxyType = 2;
			remoteGlobalIDString = D2AAC046055464E500DB518D;
			remoteInfo = "MonkVG-OSX";
		};
		FA0B1BA71272213100550DCC /* PBXContainerItemProxy */ = {
			isa = PBXContainerItemProxy;
			containerPortal = FA0B1BA11272212900550DCC /* MonkVG-OSX.xcodeproj */;
			proxyType = 1;
			remoteGlobalIDString = D2AAC045055464E500DB518D;
			remoteInfo = "MonkVG-OSX";
		};
/* End PBXContainerItemProxy section */

/* Begin PBXFileReference section */
		D2AAC046055464E500DB518D /* libZeroLSys-OSX.a */ = {isa = PBXFileReference; explicitFileType = archive.ar; includeInIndex = 0; path = "libZeroLSys-OSX.a"; sourceTree = BUILT_PRODUCTS_DIR; };
		FA0B19F3126FB38A00550DCC /* zlsContext.h */ = {isa = PBXFileReference; fileEncoding = 4; lastKnownFileType = sourcecode.c.h; name = zlsContext.h; path = ../../src/zlsContext.h; sourceTree = SOURCE_ROOT; };
		FA0B19F4126FB38A00550DCC /* zlsContext.cpp */ = {isa = PBXFileReference; fileEncoding = 4; lastKnownFileType = sourcecode.cpp.cpp; name = zlsContext.cpp; path = ../../src/zlsContext.cpp; sourceTree = SOURCE_ROOT; };
		FA0B1B5512721D7E00550DCC /* zlsProductionRule.cpp */ = {isa = PBXFileReference; fileEncoding = 4; lastKnownFileType = sourcecode.cpp.cpp; name = zlsProductionRule.cpp; path = ../../src/zlsProductionRule.cpp; sourceTree = SOURCE_ROOT; };
		FA0B1B5612721D7E00550DCC /* zlsProductionRule.h */ = {isa = PBXFileReference; fileEncoding = 4; lastKnownFileType = sourcecode.c.h; name = zlsProductionRule.h; path = ../../src/zlsProductionRule.h; sourceTree = SOURCE_ROOT; };
		FA0B1B5712721D7E00550DCC /* zlsStateViewer.cpp */ = {isa = PBXFileReference; fileEncoding = 4; lastKnownFileType = sourcecode.cpp.cpp; name = zlsStateViewer.cpp; path = ../../src/zlsStateViewer.cpp; sourceTree = SOURCE_ROOT; };
		FA0B1B5812721D7E00550DCC /* zlsStateViewer.h */ = {isa = PBXFileReference; fileEncoding = 4; lastKnownFileType = sourcecode.c.h; name = zlsStateViewer.h; path = ../../src/zlsStateViewer.h; sourceTree = SOURCE_ROOT; };
		FA0B1B7C12721EC100550DCC /* zlsTurtleViewer.cpp */ = {isa = PBXFileReference; fileEncoding = 4; lastKnownFileType = sourcecode.cpp.cpp; name = zlsTurtleViewer.cpp; path = ../../src/zlsTurtleViewer.cpp; sourceTree = SOURCE_ROOT; };
		FA0B1B7D12721EC100550DCC /* zlsTurtleViewer.h */ = {isa = PBXFileReference; fileEncoding = 4; lastKnownFileType = sourcecode.c.h; name = zlsTurtleViewer.h; path = ../../src/zlsTurtleViewer.h; sourceTree = SOURCE_ROOT; };
		FA0B1BA11272212900550DCC /* MonkVG-OSX.xcodeproj */ = {isa = PBXFileReference; lastKnownFileType = "wrapper.pb-project"; name = "MonkVG-OSX.xcodeproj"; path = "../../../MonkVG/projects/MonkVG-OSX/MonkVG-OSX.xcodeproj"; sourceTree = SOURCE_ROOT; };
		FA7D959D1280D7D500D01622 /* zlsParser.cpp */ = {isa = PBXFileReference; fileEncoding = 4; lastKnownFileType = sourcecode.cpp.cpp; name = zlsParser.cpp; path = ../../src/zlsParser.cpp; sourceTree = SOURCE_ROOT; };
		FA7D959E1280D7D500D01622 /* zlsParser.h */ = {isa = PBXFileReference; fileEncoding = 4; lastKnownFileType = sourcecode.c.h; name = zlsParser.h; path = ../../src/zlsParser.h; sourceTree = SOURCE_ROOT; };
		FAB4F74112A615090087D2F4 /* zlsAbstractSyntaxTree.cpp */ = {isa = PBXFileReference; fileEncoding = 4; lastKnownFileType = sourcecode.cpp.cpp; name = zlsAbstractSyntaxTree.cpp; path = ../../src/zlsAbstractSyntaxTree.cpp; sourceTree = SOURCE_ROOT; };
		FAB4F74212A615090087D2F4 /* zlsAbstractSyntaxTree.h */ = {isa = PBXFileReference; fileEncoding = 4; lastKnownFileType = sourcecode.c.h; name = zlsAbstractSyntaxTree.h; path = ../../src/zlsAbstractSyntaxTree.h; sourceTree = SOURCE_ROOT; };
/* End PBXFileReference section */

/* Begin PBXFrameworksBuildPhase section */
		D289987405E68DCB004EDB86 /* Frameworks */ = {
			isa = PBXFrameworksBuildPhase;
			buildActionMask = 2147483647;
			files = (
				FA0B1BA91272214100550DCC /* libMonkVG-OSX.a in Frameworks */,
			);
			runOnlyForDeploymentPostprocessing = 0;
		};
/* End PBXFrameworksBuildPhase section */

/* Begin PBXGroup section */
		08FB7794FE84155DC02AAC07 /* ZeroLSys-OSX */ = {
			isa = PBXGroup;
			children = (
				FA0B1BA11272212900550DCC /* MonkVG-OSX.xcodeproj */,
				08FB7795FE84155DC02AAC07 /* Source */,
				C6A0FF2B0290797F04C91782 /* Documentation */,
				1AB674ADFE9D54B511CA2CBB /* Products */,
			);
			name = "ZeroLSys-OSX";
			sourceTree = "<group>";
		};
		08FB7795FE84155DC02AAC07 /* Source */ = {
			isa = PBXGroup;
			children = (
				FAB4F74112A615090087D2F4 /* zlsAbstractSyntaxTree.cpp */,
				FAB4F74212A615090087D2F4 /* zlsAbstractSyntaxTree.h */,
				FA7D959D1280D7D500D01622 /* zlsParser.cpp */,
				FA7D959E1280D7D500D01622 /* zlsParser.h */,
				FA0B1B7C12721EC100550DCC /* zlsTurtleViewer.cpp */,
				FA0B1B7D12721EC100550DCC /* zlsTurtleViewer.h */,
				FA0B1B5512721D7E00550DCC /* zlsProductionRule.cpp */,
				FA0B1B5612721D7E00550DCC /* zlsProductionRule.h */,
				FA0B1B5712721D7E00550DCC /* zlsStateViewer.cpp */,
				FA0B1B5812721D7E00550DCC /* zlsStateViewer.h */,
				FA0B19F3126FB38A00550DCC /* zlsContext.h */,
				FA0B19F4126FB38A00550DCC /* zlsContext.cpp */,
			);
			name = Source;
			sourceTree = "<group>";
		};
		1AB674ADFE9D54B511CA2CBB /* Products */ = {
			isa = PBXGroup;
			children = (
				D2AAC046055464E500DB518D /* libZeroLSys-OSX.a */,
			);
			name = Products;
			sourceTree = "<group>";
		};
		C6A0FF2B0290797F04C91782 /* Documentation */ = {
			isa = PBXGroup;
			children = (
			);
			name = Documentation;
			sourceTree = "<group>";
		};
		FA0B1BA21272212900550DCC /* Products */ = {
			isa = PBXGroup;
			children = (
				FA0B1BA61272212900550DCC /* libMonkVG-OSX.a */,
			);
			name = Products;
			sourceTree = "<group>";
		};
/* End PBXGroup section */

/* Begin PBXHeadersBuildPhase section */
		D2AAC043055464E500DB518D /* Headers */ = {
			isa = PBXHeadersBuildPhase;
			buildActionMask = 2147483647;
			files = (
				FA0B19F5126FB38A00550DCC /* zlsContext.h in Headers */,
				FA0B1B5A12721D7E00550DCC /* zlsProductionRule.h in Headers */,
				FA0B1B5C12721D7E00550DCC /* zlsStateViewer.h in Headers */,
				FA0B1B7F12721EC100550DCC /* zlsTurtleViewer.h in Headers */,
				FA7D95A01280D7D500D01622 /* zlsParser.h in Headers */,
				FAB4F74412A615090087D2F4 /* zlsAbstractSyntaxTree.h in Headers */,
			);
			runOnlyForDeploymentPostprocessing = 0;
		};
/* End PBXHeadersBuildPhase section */

/* Begin PBXNativeTarget section */
		D2AAC045055464E500DB518D /* ZeroLSys-OSX */ = {
			isa = PBXNativeTarget;
			buildConfigurationList = 1DEB91EB08733DB70010E9CD /* Build configuration list for PBXNativeTarget "ZeroLSys-OSX" */;
			buildPhases = (
				D2AAC043055464E500DB518D /* Headers */,
				D2AAC044055464E500DB518D /* Sources */,
				D289987405E68DCB004EDB86 /* Frameworks */,
			);
			buildRules = (
			);
			dependencies = (
				FA0B1BA81272213100550DCC /* PBXTargetDependency */,
			);
			name = "ZeroLSys-OSX";
			productName = "ZeroLSys-OSX";
			productReference = D2AAC046055464E500DB518D /* libZeroLSys-OSX.a */;
			productType = "com.apple.product-type.library.static";
		};
/* End PBXNativeTarget section */

/* Begin PBXProject section */
		08FB7793FE84155DC02AAC07 /* Project object */ = {
			isa = PBXProject;
			buildConfigurationList = 1DEB91EF08733DB70010E9CD /* Build configuration list for PBXProject "ZeroLSys-OSX" */;
			compatibilityVersion = "Xcode 3.1";
			developmentRegion = English;
			hasScannedForEncodings = 1;
			knownRegions = (
				English,
				Japanese,
				French,
				German,
			);
			mainGroup = 08FB7794FE84155DC02AAC07 /* ZeroLSys-OSX */;
			projectDirPath = "";
			projectReferences = (
				{
					ProductGroup = FA0B1BA21272212900550DCC /* Products */;
					ProjectRef = FA0B1BA11272212900550DCC /* MonkVG-OSX.xcodeproj */;
				},
			);
			projectRoot = "";
			targets = (
				D2AAC045055464E500DB518D /* ZeroLSys-OSX */,
			);
		};
/* End PBXProject section */

/* Begin PBXReferenceProxy section */
		FA0B1BA61272212900550DCC /* libMonkVG-OSX.a */ = {
			isa = PBXReferenceProxy;
			fileType = archive.ar;
			path = "libMonkVG-OSX.a";
			remoteRef = FA0B1BA51272212900550DCC /* PBXContainerItemProxy */;
			sourceTree = BUILT_PRODUCTS_DIR;
		};
/* End PBXReferenceProxy section */

/* Begin PBXSourcesBuildPhase section */
		D2AAC044055464E500DB518D /* Sources */ = {
			isa = PBXSourcesBuildPhase;
			buildActionMask = 2147483647;
			files = (
				FA0B19F6126FB38A00550DCC /* zlsContext.cpp in Sources */,
				FA0B1B5912721D7E00550DCC /* zlsProductionRule.cpp in Sources */,
				FA0B1B5B12721D7E00550DCC /* zlsStateViewer.cpp in Sources */,
				FA0B1B7E12721EC100550DCC /* zlsTurtleViewer.cpp in Sources */,
				FA7D959F1280D7D500D01622 /* zlsParser.cpp in Sources */,
				FAB4F74312A615090087D2F4 /* zlsAbstractSyntaxTree.cpp in Sources */,
			);
			runOnlyForDeploymentPostprocessing = 0;
		};
/* End PBXSourcesBuildPhase section */

/* Begin PBXTargetDependency section */
		FA0B1BA81272213100550DCC /* PBXTargetDependency */ = {
			isa = PBXTargetDependency;
			name = "MonkVG-OSX";
			targetProxy = FA0B1BA71272213100550DCC /* PBXContainerItemProxy */;
		};
/* End PBXTargetDependency section */

/* Begin XCBuildConfiguration section */
		1DEB91EC08733DB70010E9CD /* Debug */ = {
			isa = XCBuildConfiguration;
			buildSettings = {
				ALWAYS_SEARCH_USER_PATHS = YES;
				COPY_PHASE_STRIP = NO;
				GCC_DYNAMIC_NO_PIC = NO;
				GCC_ENABLE_FIX_AND_CONTINUE = YES;
				GCC_MODEL_TUNING = G5;
				GCC_OPTIMIZATION_LEVEL = 0;
				HEADER_SEARCH_PATHS = (
					../../thirdparty/json_spirit_v4.03,
					/opt/local/include,
					../../../MonkVG/include,
				);
				INSTALL_PATH = /usr/local/lib;
				PRODUCT_NAME = "ZeroLSys-OSX";
			};
			name = Debug;
		};
		1DEB91ED08733DB70010E9CD /* Release */ = {
			isa = XCBuildConfiguration;
			buildSettings = {
				ALWAYS_SEARCH_USER_PATHS = NO;
				DEBUG_INFORMATION_FORMAT = "dwarf-with-dsym";
				GCC_MODEL_TUNING = G5;
				HEADER_SEARCH_PATHS = (
					../../thirdparty/json_spirit_v4.03,
					/opt/local/include,
					../../../MonkVG/include,
				);
				INSTALL_PATH = /usr/local/lib;
				PRODUCT_NAME = "ZeroLSys-OSX";
			};
			name = Release;
		};
		1DEB91F008733DB70010E9CD /* Debug */ = {
			isa = XCBuildConfiguration;
			buildSettings = {
				ARCHS = "$(ARCHS_STANDARD_32_64_BIT)";
				GCC_C_LANGUAGE_STANDARD = gnu99;
				GCC_OPTIMIZATION_LEVEL = 0;
				GCC_WARN_ABOUT_RETURN_TYPE = YES;
				GCC_WARN_UNUSED_VARIABLE = YES;
				ONLY_ACTIVE_ARCH = YES;
				PREBINDING = NO;
				SDKROOT = macosx10.6;
			};
			name = Debug;
		};
		1DEB91F108733DB70010E9CD /* Release */ = {
			isa = XCBuildConfiguration;
			buildSettings = {
				ARCHS = "$(ARCHS_STANDARD_32_64_BIT)";
				GCC_C_LANGUAGE_STANDARD = gnu99;
				GCC_WARN_ABOUT_RETURN_TYPE = YES;
				GCC_WARN_UNUSED_VARIABLE = YES;
				PREBINDING = NO;
				SDKROOT = macosx10.6;
			};
			name = Release;
		};
/* End XCBuildConfiguration section */

/* Begin XCConfigurationList section */
		1DEB91EB08733DB70010E9CD /* Build configuration list for PBXNativeTarget "ZeroLSys-OSX" */ = {
			isa = XCConfigurationList;
			buildConfigurations = (
				1DEB91EC08733DB70010E9CD /* Debug */,
				1DEB91ED08733DB70010E9CD /* Release */,
			);
			defaultConfigurationIsVisible = 0;
			defaultConfigurationName = Release;
		};
		1DEB91EF08733DB70010E9CD /* Build configuration list for PBXProject "ZeroLSys-OSX" */ = {
			isa = XCConfigurationList;
			buildConfigurations = (
				1DEB91F008733DB70010E9CD /* Debug */,
				1DEB91F108733DB70010E9CD /* Release */,
			);
			defaultConfigurationIsVisible = 0;
			defaultConfigurationName = Release;
		};
/* End XCConfigurationList section */
	};
	rootObject = 08FB7793FE84155DC02AAC07 /* Project object */;
}
